
Microsoft Visual Studio Solution File, Format Version 12.00
# Visual Studio Version 17
VisualStudioVersion = 17.11.35327.3
MinimumVisualStudioVersion = 10.0.40219.1
Project("{9A19103F-16F7-4668-BE54-9A1E7A4F7556}") = "SampleBlazorApp", "SampleBlazorApp\SampleBlazorApp.csproj", "{27FB32BC-780B-4CCB-8F03-CACBEFF0F206}"
EndProject
Project("{9A19103F-16F7-4668-BE54-9A1E7A4F7556}") = "SampleBlazorWebAssemblyApp", "SampleBlazorWebAssemblyApp\SampleBlazorWebAssemblyApp.csproj", "{5F5C258E-83D3-4D77-8BD2-CB359EE4BBEF}"
EndProject
Global
	GlobalSection(SolutionConfigurationPlatforms) = preSolution
		Debug|Any CPU = Debug|Any CPU
		Release|Any CPU = Release|Any CPU
	EndGlobalSection
	GlobalSection(ProjectConfigurationPlatforms) = postSolution
		{27FB32BC-780B-4CCB-8F03-CACBEFF0F206}.Debug|Any CPU.ActiveCfg = Debug|Any CPU
		{27FB32BC-780B-4CCB-8F03-CACBEFF0F206}.Debug|Any CPU.Build.0 = Debug|Any CPU
		{27FB32BC-780B-4CCB-8F03-CACBEFF0F206}.Release|Any CPU.ActiveCfg = Release|Any CPU
		{27FB32BC-780B-4CCB-8F03-CACBEFF0F206}.Release|Any CPU.Build.0 = Release|Any CPU
		{5F5C258E-83D3-4D77-8BD2-CB359EE4BBEF}.Debug|Any CPU.ActiveCfg = Debug|Any CPU
		{5F5C258E-83D3-4D77-8BD2-CB359EE4BBEF}.Debug|Any CPU.Build.0 = Debug|Any CPU
		{5F5C258E-83D3-4D77-8BD2-CB359EE4BBEF}.Release|Any CPU.ActiveCfg = Release|Any CPU
		{5F5C258E-83D3-4D77-8BD2-CB359EE4BBEF}.Release|Any CPU.Build.0 = Release|Any CPU
	EndGlobalSection
	GlobalSection(SolutionProperties) = preSolution
		HideSolutionNode = FALSE
	EndGlobalSection
	GlobalSection(ExtensibilityGlobals) = postSolution
		SolutionGuid = {10EA191E-91FA-4B2E-8037-F93736E19BCD}
	EndGlobalSection
EndGlobal
